hash: 7494b12c66ea5c7e332b36f413c0170f7b10b1d1f905a5e7ddbcb901a0404173
updated: 2019-09-24T15:58:02.408011011-07:00
imports:
- name: github.com/beorn7/perks
  version: 37c8de3658fcb183f997c4e13e8337516ab753e6
  subpackages:
  - quantile
- name: github.com/golang/protobuf
  version: 1680a479a2cfb3fa22b972af7e36d0a0fde47bf8
  subpackages:
  - proto
- name: github.com/matttproud/golang_protobuf_extensions
  version: c182affec369e30f25d3eb8cd8a478dee585ae7d
  subpackages:
  - pbutil
- name: github.com/prometheus/client_golang
  version: 170205fb58decfd011f1550d4cfb737230d7ae4f
  subpackages:
  - prometheus
  - prometheus/internal
  - prometheus/promhttp
- name: github.com/prometheus/client_model
  version: 14fe0d1b01d4d5fc031dd4bec1823bd3ebbe8016
  subpackages:
  - go
- name: github.com/prometheus/common
  version: 287d3e634a1e550c9e463dd7e5a75a422c614505
  subpackages:
  - expfmt
  - internal/bitbucket.org/ww/goautoneg
  - model
- name: github.com/prometheus/procfs
  version: de25ac347ef9305868b04dc42425c973b863b18c
  subpackages:
  - internal/fs
  - internal/util
- name: github.com/uber-go/tally
  version: 3332297784e46cd346ab6d9894fd4ea027dc9368
- name: go.uber.org/atomic
  version: df976f2515e274675050de7b3f42545de80594fd
- name: golang.org/x/sys
  version: 2837fb4f24fee082b8c39b1a6dc9e0ed9f3fbd4f
  subpackages:
  - windows
testImports:
- name: github.com/davecgh/go-spew
  version: d8f796af33cc11cb798c1aaeb27a4ebc5099927d
  subpackages:
  - spew
- name: github.com/pmezard/go-difflib
  version: 5d4384ee4fb2527b0a1256a821ebfc92f91efefc
  subpackages:
  - difflib
- name: github.com/stretchr/testify
  version: 221dbe5ed46703ee255b1da0dec05086f5035f62
  subpackages:
  - assert
  - require
- name: gopkg.in/yaml.v2
  version: 51d6538a90f86fe93ac480b35f37b2be17fef232
